# generated by rye
# use `rye lock` or `rye sync` to update this lockfile
#
# last locked with the following flags:
#   pre: false
#   features: []
#   all-features: false
#   with-sources: false
#   generate-hashes: false

-e file:.
annotated-types==0.7.0
    # via pydantic
asttokens==2.4.1
    # via stack-data
backports-tarfile==1.2.0
    # via jaraco-context
build==1.2.1
cachetools==5.3.3
    # via tox
certifi==2024.8.30
    # via requests
cfgv==3.4.0
    # via pre-commit
chardet==5.2.0
    # via tox
charset-normalizer==3.4.0
    # via requests
click==8.1.7
    # via towncrier
colorama==0.4.6
    # via build
    # via click
    # via ipython
    # via pytest
    # via tox
comm==0.2.2
    # via ipykernel
contourpy==1.2.1
    # via matplotlib
coverage==7.5.3
cycler==0.12.1
    # via matplotlib
debugpy==1.8.1
    # via ipykernel
decorator==5.1.1
    # via ipython
distlib==0.3.8
    # via virtualenv
docutils==0.21.2
    # via readme-renderer
executing==2.0.1
    # via stack-data
filelock==3.15.3
    # via tox
    # via virtualenv
fonttools==4.53.0
    # via matplotlib
identify==2.5.36
    # via pre-commit
idna==3.10
    # via requests
importlib-metadata==8.5.0
    # via keyring
    # via twine
incremental==22.10.0
    # via towncrier
iniconfig==2.0.0
    # via pytest
ipykernel==6.29.4
ipython==8.25.0
    # via ipykernel
jaraco-classes==3.4.0
    # via keyring
jaraco-context==6.0.1
    # via keyring
jaraco-functools==4.1.0
    # via keyring
jedi==0.19.1
    # via ipython
jinja2==3.1.4
    # via towncrier
joblib==1.4.2
    # via scikit-learn
jupyter-client==8.6.2
    # via ipykernel
jupyter-core==5.7.2
    # via ipykernel
    # via jupyter-client
keyring==25.5.0
    # via twine
kiwisolver==1.4.5
    # via matplotlib
markdown-it-py==3.0.0
    # via rich
markupsafe==2.1.5
    # via jinja2
matplotlib==3.9.0
    # via mlnext-framework
    # via seaborn
matplotlib-inline==0.1.7
    # via ipykernel
    # via ipython
mdurl==0.1.2
    # via markdown-it-py
more-itertools==10.5.0
    # via jaraco-classes
    # via jaraco-functools
mypy==1.10.0
mypy-extensions==1.0.0
    # via mypy
nest-asyncio==1.6.0
    # via ipykernel
nh3==0.2.18
    # via readme-renderer
nodeenv==1.9.1
    # via pre-commit
numpy==2.0.0
    # via contourpy
    # via matplotlib
    # via mlnext-framework
    # via pandas
    # via pandas-stubs
    # via scikit-learn
    # via scipy
    # via seaborn
packaging==24.1
    # via build
    # via ipykernel
    # via matplotlib
    # via pyproject-api
    # via pytest
    # via tox
pandas==2.2.2
    # via mlnext-framework
    # via seaborn
pandas-stubs==2.2.2.240603
parso==0.8.4
    # via jedi
pillow==10.3.0
    # via matplotlib
pkginfo==1.10.0
    # via twine
platformdirs==4.2.2
    # via jupyter-core
    # via tox
    # via virtualenv
pluggy==1.5.0
    # via pytest
    # via tox
pre-commit==3.7.1
prompt-toolkit==3.0.47
    # via ipython
psutil==6.0.0
    # via ipykernel
pure-eval==0.2.2
    # via stack-data
pydantic==2.7.4
    # via mlnext-framework
pydantic-core==2.18.4
    # via pydantic
pydeprecate==0.3.2
    # via mlnext-framework
pydot==2.0.0
    # via mlnext-framework
pygments==2.18.0
    # via ipython
    # via readme-renderer
    # via rich
pyparsing==3.1.2
    # via matplotlib
    # via pydot
pyproject-api==1.6.1
    # via tox
pyproject-hooks==1.1.0
    # via build
pytest==8.2.2
python-dateutil==2.9.0.post0
    # via jupyter-client
    # via matplotlib
    # via pandas
pytz==2024.1
    # via pandas
pywin32==306
    # via jupyter-core
pywin32-ctypes==0.2.3
    # via keyring
pyyaml==6.0.1
    # via mlnext-framework
    # via pre-commit
pyzmq==26.0.3
    # via ipykernel
    # via jupyter-client
readme-renderer==44.0
    # via twine
requests==2.32.3
    # via requests-toolbelt
    # via twine
requests-toolbelt==1.0.0
    # via twine
rfc3986==2.0.0
    # via twine
rich==13.9.4
    # via twine
scikit-learn==1.5.0
    # via mlnext-framework
scipy==1.13.1
    # via scikit-learn
seaborn==0.13.2
    # via mlnext-framework
six==1.16.0
    # via asttokens
    # via python-dateutil
stack-data==0.6.3
    # via ipython
testfixtures==8.3.0
threadpoolctl==3.5.0
    # via scikit-learn
tornado==6.4.1
    # via ipykernel
    # via jupyter-client
towncrier==23.11.0
tox==4.15.1
traitlets==5.14.3
    # via comm
    # via ipykernel
    # via ipython
    # via jupyter-client
    # via jupyter-core
    # via matplotlib-inline
twine==5.1.1
types-pytz==2024.1.0.20240417
    # via pandas-stubs
types-pyyaml==6.0.12.20240311
typing-extensions==4.12.2
    # via ipython
    # via mypy
    # via pydantic
    # via pydantic-core
tzdata==2024.1
    # via pandas
urllib3==2.2.3
    # via requests
    # via twine
virtualenv==20.26.2
    # via pre-commit
    # via tox
wcwidth==0.2.13
    # via prompt-toolkit
zipp==3.21.0
    # via importlib-metadata
